
Microsoft Visual Studio Solution File, Format Version 12.00
# Visual Studio 2012
Project("{FAE04EC0-301F-11D3-BF4B-00C04F79EFBC}") = "ClinicMesbah", "ClinicMesbah\ClinicMesbah.csproj", "{C9276251-8CA6-426A-883D-E371DA2F3C3C}"
EndProject
Project("{FAE04EC0-301F-11D3-BF4B-00C04F79EFBC}") = "AmirCalendar", "..\930919\Farsi Calender\AmirCalendar\AmirCalendar.csproj", "{08DF8478-B6B3-4CD3-A795-D5BF9A655934}"
EndProject
Project("{2150E333-8FDC-42A3-9474-1A3956D46DE8}") = "5 Data Tier", "5 Data Tier", "{9DDD4EC9-E180-43B0-BCD0-10ED64CEAC8B}"
EndProject
Project("{FAE04EC0-301F-11D3-BF4B-00C04F79EFBC}") = "Data Objects", "Data Objects\Data Objects.csproj", "{8E848A0F-3045-4025-8C33-16ECA513BB49}"
EndProject
Global
	GlobalSection(SolutionConfigurationPlatforms) = preSolution
		Debug|Any CPU = Debug|Any CPU
		Debug|x86 = Debug|x86
		Release|Any CPU = Release|Any CPU
		Release|x86 = Release|x86
	EndGlobalSection
	GlobalSection(ProjectConfigurationPlatforms) = postSolution
		{C9276251-8CA6-426A-883D-E371DA2F3C3C}.Debug|Any CPU.ActiveCfg = Debug|Any CPU
		{C9276251-8CA6-426A-883D-E371DA2F3C3C}.Debug|Any CPU.Build.0 = Debug|Any CPU
		{C9276251-8CA6-426A-883D-E371DA2F3C3C}.Debug|x86.ActiveCfg = Debug|x86
		{C9276251-8CA6-426A-883D-E371DA2F3C3C}.Debug|x86.Build.0 = Debug|x86
		{C9276251-8CA6-426A-883D-E371DA2F3C3C}.Release|Any CPU.ActiveCfg = Release|Any CPU
		{C9276251-8CA6-426A-883D-E371DA2F3C3C}.Release|Any CPU.Build.0 = Release|Any CPU
		{C9276251-8CA6-426A-883D-E371DA2F3C3C}.Release|x86.ActiveCfg = Release|x86
		{C9276251-8CA6-426A-883D-E371DA2F3C3C}.Release|x86.Build.0 = Release|x86
		{08DF8478-B6B3-4CD3-A795-D5BF9A655934}.Debug|Any CPU.ActiveCfg = Debug|Any CPU
		{08DF8478-B6B3-4CD3-A795-D5BF9A655934}.Debug|Any CPU.Build.0 = Debug|Any CPU
		{08DF8478-B6B3-4CD3-A795-D5BF9A655934}.Debug|x86.ActiveCfg = Debug|Any CPU
		{08DF8478-B6B3-4CD3-A795-D5BF9A655934}.Release|Any CPU.ActiveCfg = Release|Any CPU
		{08DF8478-B6B3-4CD3-A795-D5BF9A655934}.Release|Any CPU.Build.0 = Release|Any CPU
		{08DF8478-B6B3-4CD3-A795-D5BF9A655934}.Release|x86.ActiveCfg = Release|Any CPU
		{8E848A0F-3045-4025-8C33-16ECA513BB49}.Debug|Any CPU.ActiveCfg = Debug|Any CPU
		{8E848A0F-3045-4025-8C33-16ECA513BB49}.Debug|Any CPU.Build.0 = Debug|Any CPU
		{8E848A0F-3045-4025-8C33-16ECA513BB49}.Debug|x86.ActiveCfg = Debug|Any CPU
		{8E848A0F-3045-4025-8C33-16ECA513BB49}.Release|Any CPU.ActiveCfg = Release|Any CPU
		{8E848A0F-3045-4025-8C33-16ECA513BB49}.Release|Any CPU.Build.0 = Release|Any CPU
		{8E848A0F-3045-4025-8C33-16ECA513BB49}.Release|x86.ActiveCfg = Release|Any CPU
	EndGlobalSection
	GlobalSection(SolutionProperties) = preSolution
		HideSolutionNode = FALSE
	EndGlobalSection
	GlobalSection(NestedProjects) = preSolution
		{8E848A0F-3045-4025-8C33-16ECA513BB49} = {9DDD4EC9-E180-43B0-BCD0-10ED64CEAC8B}
	EndGlobalSection
EndGlobal
